
Microsoft Visual Studio Solution File, Format Version 12.00
# Visual Studio Version 17
VisualStudioVersion = 17.5.002.0
MinimumVisualStudioVersion = 10.0.40219.1
Project("{9A19103F-16F7-4668-BE54-9A1E7A4F7556}") = "ToDo-Webapp", "ToDo-Webapp.csproj", "{B2A5C691-41E5-47FC-A5DA-5C37CD4BC76D}"
EndProject
Global
	GlobalSection(SolutionConfigurationPlatforms) = preSolution
		Debug|Any CPU = Debug|Any CPU
		Release|Any CPU = Release|Any CPU
	EndGlobalSection
	GlobalSection(ProjectConfigurationPlatforms) = postSolution
		{B2A5C691-41E5-47FC-A5DA-5C37CD4BC76D}.Debug|Any CPU.ActiveCfg = Debug|Any CPU
		{B2A5C691-41E5-47FC-A5DA-5C37CD4BC76D}.Debug|Any CPU.Build.0 = Debug|Any CPU
		{B2A5C691-41E5-47FC-A5DA-5C37CD4BC76D}.Release|Any CPU.ActiveCfg = Release|Any CPU
		{B2A5C691-41E5-47FC-A5DA-5C37CD4BC76D}.Release|Any CPU.Build.0 = Release|Any CPU
	EndGlobalSection
	GlobalSection(SolutionProperties) = preSolution
		HideSolutionNode = FALSE
	EndGlobalSection
	GlobalSection(ExtensibilityGlobals) = postSolution
		SolutionGuid = {DB368609-77A5-482B-93E5-87F4D38179FD}
	EndGlobalSection
EndGlobal
